// !$*UTF8*$!
{
	archiveVersion = 1;
	classes = {
	};
	objectVersion = 51;
	objects = {

/* Begin PBXBuildFile section */
		2F1AD75123C256F9A84D1BF8 /* Pods_Parstagram.framework in Frameworks */ = {isa = PBXBuildFile; fileRef = 2D512398AC2338566F831CA8 /* Pods_Parstagram.framework */; };
		5D861077CE718BFCEAB16695 /* Pods_ParstagramTests.framework in Frameworks */ = {isa = PBXBuildFile; fileRef = 5FB6388E1A74F1F545E36032 /* Pods_ParstagramTests.framework */; };
		71CDC5C125FF29B20084941D /* AppDelegate.swift in Sources */ = {isa = PBXBuildFile; fileRef = 71CDC5C025FF29B20084941D /* AppDelegate.swift */; };
		71CDC5C325FF29B20084941D /* SceneDelegate.swift in Sources */ = {isa = PBXBuildFile; fileRef = 71CDC5C225FF29B20084941D /* SceneDelegate.swift */; };
		71CDC5C825FF29B20084941D /* Main.storyboard in Resources */ = {isa = PBXBuildFile; fileRef = 71CDC5C625FF29B20084941D /* Main.storyboard */; };
		71CDC5CA25FF29B30084941D /* Assets.xcassets in Resources */ = {isa = PBXBuildFile; fileRef = 71CDC5C925FF29B30084941D /* Assets.xcassets */; };
		71CDC5CD25FF29B30084941D /* LaunchScreen.storyboard in Resources */ = {isa = PBXBuildFile; fileRef = 71CDC5CB25FF29B30084941D /* LaunchScreen.storyboard */; };
		71CDC5D825FF29B40084941D /* ParstagramTests.swift in Sources */ = {isa = PBXBuildFile; fileRef = 71CDC5D725FF29B40084941D /* ParstagramTests.swift */; };
		71CDC5E325FF29B40084941D /* ParstagramUITests.swift in Sources */ = {isa = PBXBuildFile; fileRef = 71CDC5E225FF29B40084941D /* ParstagramUITests.swift */; };
		71CDC60325FF38260084941D /* LoginViewController.swift in Sources */ = {isa = PBXBuildFile; fileRef = 71CDC60225FF38260084941D /* LoginViewController.swift */; };
		71CDC60825FF384B0084941D /* FeedViewController.swift in Sources */ = {isa = PBXBuildFile; fileRef = 71CDC60725FF384B0084941D /* FeedViewController.swift */; };
		71CDC61325FFC3EF0084941D /* CameraViewController.swift in Sources */ = {isa = PBXBuildFile; fileRef = 71CDC61225FFC3EF0084941D /* CameraViewController.swift */; };
		71CDC62C260017EF0084941D /* PostCell.swift in Sources */ = {isa = PBXBuildFile; fileRef = 71CDC62B260017EF0084941D /* PostCell.swift */; };
		8D9CD9FD8A783872EDC4F3D8 /* Pods_Parstagram_ParstagramUITests.framework in Frameworks */ = {isa = PBXBuildFile; fileRef = E37BF4BD65EE4A0A7CAC0F44 /* Pods_Parstagram_ParstagramUITests.framework */; };
/* End PBXBuildFile section */

/* Begin PBXContainerItemProxy section */
		71CDC5D425FF29B40084941D /* PBXContainerItemProxy */ = {
			isa = PBXContainerItemProxy;
			containerPortal = 71CDC5B525FF29B20084941D /* Project object */;
			proxyType = 1;
			remoteGlobalIDString = 71CDC5BC25FF29B20084941D;
			remoteInfo = Parstagram;
		};
		71CDC5DF25FF29B40084941D /* PBXContainerItemProxy */ = {
			isa = PBXContainerItemProxy;
			containerPortal = 71CDC5B525FF29B20084941D /* Project object */;
			proxyType = 1;
			remoteGlobalIDString = 71CDC5BC25FF29B20084941D;
			remoteInfo = Parstagram;
		};
/* End PBXContainerItemProxy section */

/* Begin PBXFileReference section */
		2D512398AC2338566F831CA8 /* Pods_Parstagram.framework */ = {isa = PBXFileReference; explicitFileType = wrapper.framework; includeInIndex = 0; path = Pods_Parstagram.framework; sourceTree = BUILT_PRODUCTS_DIR; };
		41AF20F951B67D6AE7733A18 /* Pods-Parstagram-ParstagramUITests.release.xcconfig */ = {isa = PBXFileReference; includeInIndex = 1; lastKnownFileType = text.xcconfig; name = "Pods-Parstagram-ParstagramUITests.release.xcconfig"; path = "Target Support Files/Pods-Parstagram-ParstagramUITests/Pods-Parstagram-ParstagramUITests.release.xcconfig"; sourceTree = "<group>"; };
		5FB6388E1A74F1F545E36032 /* Pods_ParstagramTests.framework */ = {isa = PBXFileReference; explicitFileType = wrapper.framework; includeInIndex = 0; path = Pods_ParstagramTests.framework; sourceTree = BUILT_PRODUCTS_DIR; };
		71CDC5BD25FF29B20084941D /* Parstagram.app */ = {isa = PBXFileReference; explicitFileType = wrapper.application; includeInIndex = 0; path = Parstagram.app; sourceTree = BUILT_PRODUCTS_DIR; };
		71CDC5C025FF29B20084941D /* AppDelegate.swift */ = {isa = PBXFileReference; lastKnownFileType = sourcecode.swift; path = AppDelegate.swift; sourceTree = "<group>"; };
		71CDC5C225FF29B20084941D /* SceneDelegate.swift */ = {isa = PBXFileReference; lastKnownFileType = sourcecode.swift; path = SceneDelegate.swift; sourceTree = "<group>"; };
		71CDC5C725FF29B20084941D /* Base */ = {isa = PBXFileReference; lastKnownFileType = file.storyboard; name = Base; path = Base.lproj/Main.storyboard; sourceTree = "<group>"; };
		71CDC5C925FF29B30084941D /* Assets.xcassets */ = {isa = PBXFileReference; lastKnownFileType = folder.assetcatalog; path = Assets.xcassets; sourceTree = "<group>"; };
		71CDC5CC25FF29B30084941D /* Base */ = {isa = PBXFileReference; lastKnownFileType = file.storyboard; name = Base; path = Base.lproj/LaunchScreen.storyboard; sourceTree = "<group>"; };
		71CDC5CE25FF29B30084941D /* Info.plist */ = {isa = PBXFileReference; lastKnownFileType = text.plist.xml; path = Info.plist; sourceTree = "<group>"; };
		71CDC5D325FF29B40084941D /* ParstagramTests.xctest */ = {isa = PBXFileReference; explicitFileType = wrapper.cfbundle; includeInIndex = 0; path = ParstagramTests.xctest; sourceTree = BUILT_PRODUCTS_DIR; };
		71CDC5D725FF29B40084941D /* ParstagramTests.swift */ = {isa = PBXFileReference; lastKnownFileType = sourcecode.swift; path = ParstagramTests.swift; sourceTree = "<group>"; };
		71CDC5D925FF29B40084941D /* Info.plist */ = {isa = PBXFileReference; lastKnownFileType = text.plist.xml; path = Info.plist; sourceTree = "<group>"; };
		71CDC5DE25FF29B40084941D /* ParstagramUITests.xctest */ = {isa = PBXFileReference; explicitFileType = wrapper.cfbundle; includeInIndex = 0; path = ParstagramUITests.xctest; sourceTree = BUILT_PRODUCTS_DIR; };
		71CDC5E225FF29B40084941D /* ParstagramUITests.swift */ = {isa = PBXFileReference; lastKnownFileType = sourcecode.swift; path = ParstagramUITests.swift; sourceTree = "<group>"; };
		71CDC5E425FF29B40084941D /* Info.plist */ = {isa = PBXFileReference; lastKnownFileType = text.plist.xml; path = Info.plist; sourceTree = "<group>"; };
		71CDC60225FF38260084941D /* LoginViewController.swift */ = {isa = PBXFileReference; lastKnownFileType = sourcecode.swift; path = LoginViewController.swift; sourceTree = "<group>"; };
		71CDC60725FF384B0084941D /* FeedViewController.swift */ = {isa = PBXFileReference; lastKnownFileType = sourcecode.swift; path = FeedViewController.swift; sourceTree = "<group>"; };
		71CDC61225FFC3EF0084941D /* CameraViewController.swift */ = {isa = PBXFileReference; lastKnownFileType = sourcecode.swift; path = CameraViewController.swift; sourceTree = "<group>"; };
		71CDC62B260017EF0084941D /* PostCell.swift */ = {isa = PBXFileReference; lastKnownFileType = sourcecode.swift; path = PostCell.swift; sourceTree = "<group>"; };
		8327AC9D953B3A58DE377330 /* Pods-ParstagramTests.release.xcconfig */ = {isa = PBXFileReference; includeInIndex = 1; lastKnownFileType = text.xcconfig; name = "Pods-ParstagramTests.release.xcconfig"; path = "Target Support Files/Pods-ParstagramTests/Pods-ParstagramTests.release.xcconfig"; sourceTree = "<group>"; };
		A5AB5CC57B06857C4E1E3A02 /* Pods-Parstagram.debug.xcconfig */ = {isa = PBXFileReference; includeInIndex = 1; lastKnownFileType = text.xcconfig; name = "Pods-Parstagram.debug.xcconfig"; path = "Target Support Files/Pods-Parstagram/Pods-Parstagram.debug.xcconfig"; sourceTree = "<group>"; };
		AC7456C3A4712B5A70E0AF7B /* Pods-Parstagram-ParstagramUITests.debug.xcconfig */ = {isa = PBXFileReference; includeInIndex = 1; lastKnownFileType = text.xcconfig; name = "Pods-Parstagram-ParstagramUITests.debug.xcconfig"; path = "Target Support Files/Pods-Parstagram-ParstagramUITests/Pods-Parstagram-ParstagramUITests.debug.xcconfig"; sourceTree = "<group>"; };
		B83FBDE7C8BE0B72ADAB864B /* Pods-ParstagramTests.debug.xcconfig */ = {isa = PBXFileReference; includeInIndex = 1; lastKnownFileType = text.xcconfig; name = "Pods-ParstagramTests.debug.xcconfig"; path = "Target Support Files/Pods-ParstagramTests/Pods-ParstagramTests.debug.xcconfig"; sourceTree = "<group>"; };
		E0E72E9C719319E2F9C00A86 /* Pods-Parstagram.release.xcconfig */ = {isa = PBXFileReference; includeInIndex = 1; lastKnownFileType = text.xcconfig; name = "Pods-Parstagram.release.xcconfig"; path = "Target Support Files/Pods-Parstagram/Pods-Parstagram.release.xcconfig"; sourceTree = "<group>"; };
		E37BF4BD65EE4A0A7CAC0F44 /* Pods_Parstagram_ParstagramUITests.framework */ = {isa = PBXFileReference; explicitFileType = wrapper.framework; includeInIndex = 0; path = Pods_Parstagram_ParstagramUITests.framework; sourceTree = BUILT_PRODUCTS_DIR; };
/* End PBXFileReference section */

/* Begin PBXFrameworksBuildPhase section */
		71CDC5BA25FF29B20084941D /* Frameworks */ = {
			isa = PBXFrameworksBuildPhase;
			buildActionMask = 2147483647;
			files = (
				2F1AD75123C256F9A84D1BF8 /* Pods_Parstagram.framework in Frameworks */,
			);
			runOnlyForDeploymentPostprocessing = 0;
		};
		71CDC5D025FF29B40084941D /* Frameworks */ = {
			isa = PBXFrameworksBuildPhase;
			buildActionMask = 2147483647;
			files = (
				5D861077CE718BFCEAB16695 /* Pods_ParstagramTests.framework in Frameworks */,
			);
			runOnlyForDeploymentPostprocessing = 0;
		};
		71CDC5DB25FF29B40084941D /* Frameworks */ = {
			isa = PBXFrameworksBuildPhase;
			buildActionMask = 2147483647;
			files = (
				8D9CD9FD8A783872EDC4F3D8 /* Pods_Parstagram_ParstagramUITests.framework in Frameworks */,
			);
			runOnlyForDeploymentPostprocessing = 0;
		};
/* End PBXFrameworksBuildPhase section */

/* Begin PBXGroup section */
		71CDC5B425FF29B20084941D = {
			isa = PBXGroup;
			children = (
				71CDC5BF25FF29B20084941D /* Parstagram */,
				71CDC5D625FF29B40084941D /* ParstagramTests */,
				71CDC5E125FF29B40084941D /* ParstagramUITests */,
				71CDC5BE25FF29B20084941D /* Products */,
				D78BF6C97E7FF9534B5DD821 /* Pods */,
				82728AFCA20E4CAD62F96477 /* Frameworks */,
			);
			sourceTree = "<group>";
		};
		71CDC5BE25FF29B20084941D /* Products */ = {
			isa = PBXGroup;
			children = (
				71CDC5BD25FF29B20084941D /* Parstagram.app */,
				71CDC5D325FF29B40084941D /* ParstagramTests.xctest */,
				71CDC5DE25FF29B40084941D /* ParstagramUITests.xctest */,
			);
			name = Products;
			sourceTree = "<group>";
		};
		71CDC5BF25FF29B20084941D /* Parstagram */ = {
			isa = PBXGroup;
			children = (
				71CDC5C025FF29B20084941D /* AppDelegate.swift */,
				71CDC5C225FF29B20084941D /* SceneDelegate.swift */,
				71CDC5C625FF29B20084941D /* Main.storyboard */,
				71CDC5C925FF29B30084941D /* Assets.xcassets */,
				71CDC5CB25FF29B30084941D /* LaunchScreen.storyboard */,
				71CDC5CE25FF29B30084941D /* Info.plist */,
				71CDC60225FF38260084941D /* LoginViewController.swift */,
				71CDC60725FF384B0084941D /* FeedViewController.swift */,
				71CDC61225FFC3EF0084941D /* CameraViewController.swift */,
				71CDC62B260017EF0084941D /* PostCell.swift */,
			);
			path = Parstagram;
			sourceTree = "<group>";
		};
		71CDC5D625FF29B40084941D /* ParstagramTests */ = {
			isa = PBXGroup;
			children = (
				71CDC5D725FF29B40084941D /* ParstagramTests.swift */,
				71CDC5D925FF29B40084941D /* Info.plist */,
			);
			path = ParstagramTests;
			sourceTree = "<group>";
		};
		71CDC5E125FF29B40084941D /* ParstagramUITests */ = {
			isa = PBXGroup;
			children = (
				71CDC5E225FF29B40084941D /* ParstagramUITests.swift */,
				71CDC5E425FF29B40084941D /* Info.plist */,
			);
			path = ParstagramUITests;
			sourceTree = "<group>";
		};
		82728AFCA20E4CAD62F96477 /* Frameworks */ = {
			isa = PBXGroup;
			children = (
				2D512398AC2338566F831CA8 /* Pods_Parstagram.framework */,
				E37BF4BD65EE4A0A7CAC0F44 /* Pods_Parstagram_ParstagramUITests.framework */,
				5FB6388E1A74F1F545E36032 /* Pods_ParstagramTests.framework */,
			);
			name = Frameworks;
			sourceTree = "<group>";
		};
		D78BF6C97E7FF9534B5DD821 /* Pods */ = {
			isa = PBXGroup;
			children = (
				A5AB5CC57B06857C4E1E3A02 /* Pods-Parstagram.debug.xcconfig */,
				E0E72E9C719319E2F9C00A86 /* Pods-Parstagram.release.xcconfig */,
				AC7456C3A4712B5A70E0AF7B /* Pods-Parstagram-ParstagramUITests.debug.xcconfig */,
				41AF20F951B67D6AE7733A18 /* Pods-Parstagram-ParstagramUITests.release.xcconfig */,
				B83FBDE7C8BE0B72ADAB864B /* Pods-ParstagramTests.debug.xcconfig */,
				8327AC9D953B3A58DE377330 /* Pods-ParstagramTests.release.xcconfig */,
			);
			path = Pods;
			sourceTree = "<group>";
		};
/* End PBXGroup section */

/* Begin PBXNativeTarget section */
		71CDC5BC25FF29B20084941D /* Parstagram */ = {
			isa = PBXNativeTarget;
			buildConfigurationList = 71CDC5E725FF29B40084941D /* Build configuration list for PBXNativeTarget "Parstagram" */;
			buildPhases = (
				AAAE594504CF3D2714880DC8 /* [CP] Check Pods Manifest.lock */,
				71CDC5B925FF29B20084941D /* Sources */,
				71CDC5BA25FF29B20084941D /* Frameworks */,
				71CDC5BB25FF29B20084941D /* Resources */,
				89520F81C724720D9629D55E /* [CP] Embed Pods Frameworks */,
			);
			buildRules = (
			);
			dependencies = (
			);
			name = Parstagram;
			productName = Parstagram;
			productReference = 71CDC5BD25FF29B20084941D /* Parstagram.app */;
			productType = "com.apple.product-type.application";
		};
		71CDC5D225FF29B40084941D /* ParstagramTests */ = {
			isa = PBXNativeTarget;
			buildConfigurationList = 71CDC5EA25FF29B40084941D /* Build configuration list for PBXNativeTarget "ParstagramTests" */;
			buildPhases = (
				B8889EBE187F47BA61B8A243 /* [CP] Check Pods Manifest.lock */,
				71CDC5CF25FF29B40084941D /* Sources */,
				71CDC5D025FF29B40084941D /* Frameworks */,
				71CDC5D125FF29B40084941D /* Resources */,
			);
			buildRules = (
			);
			dependencies = (
				71CDC5D525FF29B40084941D /* PBXTargetDependency */,
			);
			name = ParstagramTests;
			productName = ParstagramTests;
			productReference = 71CDC5D325FF29B40084941D /* ParstagramTests.xctest */;
			productType = "com.apple.product-type.bundle.unit-test";
		};
		71CDC5DD25FF29B40084941D /* ParstagramUITests */ = {
			isa = PBXNativeTarget;
			buildConfigurationList = 71CDC5ED25FF29B40084941D /* Build configuration list for PBXNativeTarget "ParstagramUITests" */;
			buildPhases = (
				1FEDB50A4679F14748004E5E /* [CP] Check Pods Manifest.lock */,
				71CDC5DA25FF29B40084941D /* Sources */,
				71CDC5DB25FF29B40084941D /* Frameworks */,
				71CDC5DC25FF29B40084941D /* Resources */,
				2A7407DB518DBDB4D05A3AA4 /* [CP] Embed Pods Frameworks */,
			);
			buildRules = (
			);
			dependencies = (
				71CDC5E025FF29B40084941D /* PBXTargetDependency */,
			);
			name = ParstagramUITests;
			productName = ParstagramUITests;
			productReference = 71CDC5DE25FF29B40084941D /* ParstagramUITests.xctest */;
			productType = "com.apple.product-type.bundle.ui-testing";
		};
/* End PBXNativeTarget section */

/* Begin PBXProject section */
		71CDC5B525FF29B20084941D /* Project object */ = {
			isa = PBXProject;
			attributes = {
				LastSwiftUpdateCheck = 1240;
				LastUpgradeCheck = 1240;
				TargetAttributes = {
					71CDC5BC25FF29B20084941D = {
						CreatedOnToolsVersion = 12.4;
					};
					71CDC5D225FF29B40084941D = {
						CreatedOnToolsVersion = 12.4;
						TestTargetID = 71CDC5BC25FF29B20084941D;
					};
					71CDC5DD25FF29B40084941D = {
						CreatedOnToolsVersion = 12.4;
						TestTargetID = 71CDC5BC25FF29B20084941D;
					};
				};
			};
			buildConfigurationList = 71CDC5B825FF29B20084941D /* Build configuration list for PBXProject "Parstagram" */;
			compatibilityVersion = "Xcode 9.3";
			developmentRegion = en;
			hasScannedForEncodings = 0;
			knownRegions = (
				en,
				Base,
			);
			mainGroup = 71CDC5B425FF29B20084941D;
			productRefGroup = 71CDC5BE25FF29B20084941D /* Products */;
			projectDirPath = "";
			projectRoot = "";
			targets = (
				71CDC5BC25FF29B20084941D /* Parstagram */,
				71CDC5D225FF29B40084941D /* ParstagramTests */,
				71CDC5DD25FF29B40084941D /* ParstagramUITests */,
			);
		};
/* End PBXProject section */

/* Begin PBXResourcesBuildPhase section */
		71CDC5BB25FF29B20084941D /* Resources */ = {
			isa = PBXResourcesBuildPhase;
			buildActionMask = 2147483647;
			files = (
				71CDC5CD25FF29B30084941D /* LaunchScreen.storyboard in Resources */,
				71CDC5CA25FF29B30084941D /* Assets.xcassets in Resources */,
				71CDC5C825FF29B20084941D /* Main.storyboard in Resources */,
			);
			runOnlyForDeploymentPostprocessing = 0;
		};
		71CDC5D125FF29B40084941D /* Resources */ = {
			isa = PBXResourcesBuildPhase;
			buildActionMask = 2147483647;
			files = (
			);
			runOnlyForDeploymentPostprocessing = 0;
		};
		71CDC5DC25FF29B40084941D /* Resources */ = {
			isa = PBXResourcesBuildPhase;
			buildActionMask = 2147483647;
			files = (
			);
			runOnlyForDeploymentPostprocessing = 0;
		};
/* End PBXResourcesBuildPhase section */

/* Begin PBXShellScriptBuildPhase section */
		1FEDB50A4679F14748004E5E /* [CP] Check Pods Manifest.lock */ = {
			isa = PBXShellScriptBuildPhase;
			buildActionMask = 2147483647;
			files = (
			);
			inputFileListPaths = (
			);
			inputPaths = (
				"${PODS_PODFILE_DIR_PATH}/Podfile.lock",
				"${PODS_ROOT}/Manifest.lock",
			);
			name = "[CP] Check Pods Manifest.lock";
			outputFileListPaths = (
			);
			outputPaths = (
				"$(DERIVED_FILE_DIR)/Pods-Parstagram-ParstagramUITests-checkManifestLockResult.txt",
			);
			runOnlyForDeploymentPostprocessing = 0;
			shellPath = /bin/sh;
			shellScript = "diff \"${PODS_PODFILE_DIR_PATH}/Podfile.lock\" \"${PODS_ROOT}/Manifest.lock\" > /dev/null\nif [ $? != 0 ] ; then\n    # print error to STDERR\n    echo \"error: The sandbox is not in sync with the Podfile.lock. Run 'pod install' or update your CocoaPods installation.\" >&2\n    exit 1\nfi\n# This output is used by Xcode 'outputs' to avoid re-running this script phase.\necho \"SUCCESS\" > \"${SCRIPT_OUTPUT_FILE_0}\"\n";
			showEnvVarsInLog = 0;
		};
		2A7407DB518DBDB4D05A3AA4 /* [CP] Embed Pods Frameworks */ = {
			isa = PBXShellScriptBuildPhase;
			buildActionMask = 2147483647;
			files = (
			);
			inputFileListPaths = (
				"${PODS_ROOT}/Target Support Files/Pods-Parstagram-ParstagramUITests/Pods-Parstagram-ParstagramUITests-frameworks-${CONFIGURATION}-input-files.xcfilelist",
			);
			name = "[CP] Embed Pods Frameworks";
			outputFileListPaths = (
				"${PODS_ROOT}/Target Support Files/Pods-Parstagram-ParstagramUITests/Pods-Parstagram-ParstagramUITests-frameworks-${CONFIGURATION}-output-files.xcfilelist",
			);
			runOnlyForDeploymentPostprocessing = 0;
			shellPath = /bin/sh;
			shellScript = "\"${PODS_ROOT}/Target Support Files/Pods-Parstagram-ParstagramUITests/Pods-Parstagram-ParstagramUITests-frameworks.sh\"\n";
			showEnvVarsInLog = 0;
		};
		89520F81C724720D9629D55E /* [CP] Embed Pods Frameworks */ = {
			isa = PBXShellScriptBuildPhase;
			buildActionMask = 2147483647;
			files = (
			);
			inputFileListPaths = (
				"${PODS_ROOT}/Target Support Files/Pods-Parstagram/Pods-Parstagram-frameworks-${CONFIGURATION}-input-files.xcfilelist",
			);
			name = "[CP] Embed Pods Frameworks";
			outputFileListPaths = (
				"${PODS_ROOT}/Target Support Files/Pods-Parstagram/Pods-Parstagram-frameworks-${CONFIGURATION}-output-files.xcfilelist",
			);
			runOnlyForDeploymentPostprocessing = 0;
			shellPath = /bin/sh;
			shellScript = "\"${PODS_ROOT}/Target Support Files/Pods-Parstagram/Pods-Parstagram-frameworks.sh\"\n";
			showEnvVarsInLog = 0;
		};
		AAAE594504CF3D2714880DC8 /* [CP] Check Pods Manifest.lock */ = {
			isa = PBXShellScriptBuildPhase;
			buildActionMask = 2147483647;
			files = (
			);
			inputFileListPaths = (
			);
			inputPaths = (
				"${PODS_PODFILE_DIR_PATH}/Podfile.lock",
				"${PODS_ROOT}/Manifest.lock",
			);
			name = "[CP] Check Pods Manifest.lock";
			outputFileListPaths = (
			);
			outputPaths = (
				"$(DERIVED_FILE_DIR)/Pods-Parstagram-checkManifestLockResult.txt",
			);
			runOnlyForDeploymentPostprocessing = 0;
			shellPath = /bin/sh;
			shellScript = "diff \"${PODS_PODFILE_DIR_PATH}/Podfile.lock\" \"${PODS_ROOT}/Manifest.lock\" > /dev/null\nif [ $? != 0 ] ; then\n    # print error to STDERR\n    echo \"error: The sandbox is not in sync with the Podfile.lock. Run 'pod install' or update your CocoaPods installation.\" >&2\n    exit 1\nfi\n# This output is used by Xcode 'outputs' to avoid re-running this script phase.\necho \"SUCCESS\" > \"${SCRIPT_OUTPUT_FILE_0}\"\n";
			showEnvVarsInLog = 0;
		};
		B8889EBE187F47BA61B8A243 /* [CP] Check Pods Manifest.lock */ = {
			isa = PBXShellScriptBuildPhase;
			buildActionMask = 2147483647;
			files = (
			);
			inputFileListPaths = (
			);
			inputPaths = (
				"${PODS_PODFILE_DIR_PATH}/Podfile.lock",
				"${PODS_ROOT}/Manifest.lock",
			);
			name = "[CP] Check Pods Manifest.lock";
			outputFileListPaths = (
			);
			outputPaths = (
				"$(DERIVED_FILE_DIR)/Pods-ParstagramTests-checkManifestLockResult.txt",
			);
			runOnlyForDeploymentPostprocessing = 0;
			shellPath = /bin/sh;
			shellScript = "diff \"${PODS_PODFILE_DIR_PATH}/Podfile.lock\" \"${PODS_ROOT}/Manifest.lock\" > /dev/null\nif [ $? != 0 ] ; then\n    # print error to STDERR\n    echo \"error: The sandbox is not in sync with the Podfile.lock. Run 'pod install' or update your CocoaPods installation.\" >&2\n    exit 1\nfi\n# This output is used by Xcode 'outputs' to avoid re-running this script phase.\necho \"SUCCESS\" > \"${SCRIPT_OUTPUT_FILE_0}\"\n";
			showEnvVarsInLog = 0;
		};
/* End PBXShellScriptBuildPhase section */

/* Begin PBXSourcesBuildPhase section */
		71CDC5B925FF29B20084941D /* Sources */ = {
			isa = PBXSourcesBuildPhase;
			buildActionMask = 2147483647;
			files = (
				71CDC60325FF38260084941D /* LoginViewController.swift in Sources */,
				71CDC61325FFC3EF0084941D /* CameraViewController.swift in Sources */,
				71CDC5C125FF29B20084941D /* AppDelegate.swift in Sources */,
				71CDC60825FF384B0084941D /* FeedViewController.swift in Sources */,
				71CDC5C325FF29B20084941D /* SceneDelegate.swift in Sources */,
				71CDC62C260017EF0084941D /* PostCell.swift in Sources */,
			);
			runOnlyForDeploymentPostprocessing = 0;
		};
		71CDC5CF25FF29B40084941D /* Sources */ = {
			isa = PBXSourcesBuildPhase;
			buildActionMask = 2147483647;
			files = (
				71CDC5D825FF29B40084941D /* ParstagramTests.swift in Sources */,
			);
			runOnlyForDeploymentPostprocessing = 0;
		};
		71CDC5DA25FF29B40084941D /* Sources */ = {
			isa = PBXSourcesBuildPhase;
			buildActionMask = 2147483647;
			files = (
				71CDC5E325FF29B40084941D /* ParstagramUITests.swift in Sources */,
			);
			runOnlyForDeploymentPostprocessing = 0;
		};
/* End PBXSourcesBuildPhase section */

/* Begin PBXTargetDependency section */
		71CDC5D525FF29B40084941D /* PBXTargetDependency */ = {
			isa = PBXTargetDependency;
			target = 71CDC5BC25FF29B20084941D /* Parstagram */;
			targetProxy = 71CDC5D425FF29B40084941D /* PBXContainerItemProxy */;
		};
		71CDC5E025FF29B40084941D /* PBXTargetDependency */ = {
			isa = PBXTargetDependency;
			target = 71CDC5BC25FF29B20084941D /* Parstagram */;
			targetProxy = 71CDC5DF25FF29B40084941D /* PBXContainerItemProxy */;
		};
/* End PBXTargetDependency section */

/* Begin PBXVariantGroup section */
		71CDC5C625FF29B20084941D /* Main.storyboard */ = {
			isa = PBXVariantGroup;
			children = (
				71CDC5C725FF29B20084941D /* Base */,
			);
			name = Main.storyboard;
			sourceTree = "<group>";
		};
		71CDC5CB25FF29B30084941D /* LaunchScreen.storyboard */ = {
			isa = PBXVariantGroup;
			children = (
				71CDC5CC25FF29B30084941D /* Base */,
			);
			name = LaunchScreen.storyboard;
			sourceTree = "<group>";
		};
/* End PBXVariantGroup section */

/* Begin XCBuildConfiguration section */
		71CDC5E525FF29B40084941D /* Debug */ = {
			isa = XCBuildConfiguration;
			buildSettings = {
				ALWAYS_SEARCH_USER_PATHS = NO;
				CLANG_ANALYZER_NONNULL = YES;
				CLANG_ANALYZER_NUMBER_OBJECT_CONVERSION = YES_AGGRESSIVE;
				CLANG_CXX_LANGUAGE_STANDARD = "gnu++14";
				CLANG_CXX_LIBRARY = "libc++";
				CLANG_ENABLE_MODULES = YES;
				CLANG_ENABLE_OBJC_ARC = YES;
				CLANG_ENABLE_OBJC_WEAK = YES;
				CLANG_WARN_BLOCK_CAPTURE_AUTORELEASING = YES;
				CLANG_WARN_BOOL_CONVERSION = YES;
				CLANG_WARN_COMMA = YES;
				CLANG_WARN_CONSTANT_CONVERSION = YES;
				CLANG_WARN_DEPRECATED_OBJC_IMPLEMENTATIONS = YES;
				CLANG_WARN_DIRECT_OBJC_ISA_USAGE = YES_ERROR;
				CLANG_WARN_DOCUMENTATION_COMMENTS = YES;
				CLANG_WARN_EMPTY_BODY = YES;
				CLANG_WARN_ENUM_CONVERSION = YES;
				CLANG_WARN_INFINITE_RECURSION = YES;
				CLANG_WARN_INT_CONVERSION = YES;
				CLANG_WARN_NON_LITERAL_NULL_CONVERSION = YES;
				CLANG_WARN_OBJC_IMPLICIT_RETAIN_SELF = YES;
				CLANG_WARN_OBJC_LITERAL_CONVERSION = YES;
				CLANG_WARN_OBJC_ROOT_CLASS = YES_ERROR;
				CLANG_WARN_QUOTED_INCLUDE_IN_FRAMEWORK_HEADER = YES;
				CLANG_WARN_RANGE_LOOP_ANALYSIS = YES;
				CLANG_WARN_STRICT_PROTOTYPES = YES;
				CLANG_WARN_SUSPICIOUS_MOVE = YES;
				CLANG_WARN_UNGUARDED_AVAILABILITY = YES_AGGRESSIVE;
				CLANG_WARN_UNREACHABLE_CODE = YES;
				CLANG_WARN__DUPLICATE_METHOD_MATCH = YES;
				COPY_PHASE_STRIP = NO;
				DEBUG_INFORMATION_FORMAT = dwarf;
				ENABLE_STRICT_OBJC_MSGSEND = YES;
				ENABLE_TESTABILITY = YES;
				GCC_C_LANGUAGE_STANDARD = gnu11;
				GCC_DYNAMIC_NO_PIC = NO;
				GCC_NO_COMMON_BLOCKS = YES;
				GCC_OPTIMIZATION_LEVEL = 0;
				GCC_PREPROCESSOR_DEFINITIONS = (
					"DEBUG=1",
					"$(inherited)",
				);
				GCC_WARN_64_TO_32_BIT_CONVERSION = YES;
				GCC_WARN_ABOUT_RETURN_TYPE = YES_ERROR;
				GCC_WARN_UNDECLARED_SELECTOR = YES;
				GCC_WARN_UNINITIALIZED_AUTOS = YES_AGGRESSIVE;
				GCC_WARN_UNUSED_FUNCTION = YES;
				GCC_WARN_UNUSED_VARIABLE = YES;
				IPHONEOS_DEPLOYMENT_TARGET = 14.4;
				MTL_ENABLE_DEBUG_INFO = INCLUDE_SOURCE;
				MTL_FAST_MATH = YES;
				ONLY_ACTIVE_ARCH = YES;
				SDKROOT = iphoneos;
				SWIFT_ACTIVE_COMPILATION_CONDITIONS = DEBUG;
				SWIFT_OPTIMIZATION_LEVEL = "-Onone";
			};
			name = Debug;
		};
		71CDC5E625FF29B40084941D /* Release */ = {
			isa = XCBuildConfiguration;
			buildSettings = {
				ALWAYS_SEARCH_USER_PATHS = NO;
				CLANG_ANALYZER_NONNULL = YES;
				CLANG_ANALYZER_NUMBER_OBJECT_CONVERSION = YES_AGGRESSIVE;
				CLANG_CXX_LANGUAGE_STANDARD = "gnu++14";
				CLANG_CXX_LIBRARY = "libc++";
				CLANG_ENABLE_MODULES = YES;
				CLANG_ENABLE_OBJC_ARC = YES;
				CLANG_ENABLE_OBJC_WEAK = YES;
				CLANG_WARN_BLOCK_CAPTURE_AUTORELEASING = YES;
				CLANG_WARN_BOOL_CONVERSION = YES;
				CLANG_WARN_COMMA = YES;
				CLANG_WARN_CONSTANT_CONVERSION = YES;
				CLANG_WARN_DEPRECATED_OBJC_IMPLEMENTATIONS = YES;
				CLANG_WARN_DIRECT_OBJC_ISA_USAGE = YES_ERROR;
				CLANG_WARN_DOCUMENTATION_COMMENTS = YES;
				CLANG_WARN_EMPTY_BODY = YES;
				CLANG_WARN_ENUM_CONVERSION = YES;
				CLANG_WARN_INFINITE_RECURSION = YES;
				CLANG_WARN_INT_CONVERSION = YES;
				CLANG_WARN_NON_LITERAL_NULL_CONVERSION = YES;
				CLANG_WARN_OBJC_IMPLICIT_RETAIN_SELF = YES;
				CLANG_WARN_OBJC_LITERAL_CONVERSION = YES;
				CLANG_WARN_OBJC_ROOT_CLASS = YES_ERROR;
				CLANG_WARN_QUOTED_INCLUDE_IN_FRAMEWORK_HEADER = YES;
				CLANG_WARN_RANGE_LOOP_ANALYSIS = YES;
				CLANG_WARN_STRICT_PROTOTYPES = YES;
				CLANG_WARN_SUSPICIOUS_MOVE = YES;
				CLANG_WARN_UNGUARDED_AVAILABILITY = YES_AGGRESSIVE;
				CLANG_WARN_UNREACHABLE_CODE = YES;
				CLANG_WARN__DUPLICATE_METHOD_MATCH = YES;
				COPY_PHASE_STRIP = NO;
				DEBUG_INFORMATION_FORMAT = "dwarf-with-dsym";
				ENABLE_NS_ASSERTIONS = NO;
				ENABLE_STRICT_OBJC_MSGSEND = YES;
				GCC_C_LANGUAGE_STANDARD = gnu11;
				GCC_NO_COMMON_BLOCKS = YES;
				GCC_WARN_64_TO_32_BIT_CONVERSION = YES;
				GCC_WARN_ABOUT_RETURN_TYPE = YES_ERROR;
				GCC_WARN_UNDECLARED_SELECTOR = YES;
				GCC_WARN_UNINITIALIZED_AUTOS = YES_AGGRESSIVE;
				GCC_WARN_UNUSED_FUNCTION = YES;
				GCC_WARN_UNUSED_VARIABLE = YES;
				IPHONEOS_DEPLOYMENT_TARGET = 14.4;
				MTL_ENABLE_DEBUG_INFO = NO;
				MTL_FAST_MATH = YES;
				SDKROOT = iphoneos;
				SWIFT_COMPILATION_MODE = wholemodule;
				SWIFT_OPTIMIZATION_LEVEL = "-O";
				VALIDATE_PRODUCT = YES;
			};
			name = Release;
		};
		71CDC5E825FF29B40084941D /* Debug */ = {
			isa = XCBuildConfiguration;
			baseConfigurationReference = A5AB5CC57B06857C4E1E3A02 /* Pods-Parstagram.debug.xcconfig */;
			buildSettings = {
				ASSETCATALOG_COMPILER_APPICON_NAME = AppIcon;
				ASSETCATALOG_COMPILER_GLOBAL_ACCENT_COLOR_NAME = AccentColor;
				CODE_SIGN_STYLE = Automatic;
				INFOPLIST_FILE = Parstagram/Info.plist;
				LD_RUNPATH_SEARCH_PATHS = (
					"$(inherited)",
					"@executable_path/Frameworks",
				);
				PRODUCT_BUNDLE_IDENTIFIER = memo.com.Parstagram;
				PRODUCT_NAME = "$(TARGET_NAME)";
				SWIFT_VERSION = 5.0;
				TARGETED_DEVICE_FAMILY = "1,2";
			};
			name = Debug;
		};
		71CDC5E925FF29B40084941D /* Release */ = {
			isa = XCBuildConfiguration;
			baseConfigurationReference = E0E72E9C719319E2F9C00A86 /* Pods-Parstagram.release.xcconfig */;
			buildSettings = {
				ASSETCATALOG_COMPILER_APPICON_NAME = AppIcon;
				ASSETCATALOG_COMPILER_GLOBAL_ACCENT_COLOR_NAME = AccentColor;
				CODE_SIGN_STYLE = Automatic;
				INFOPLIST_FILE = Parstagram/Info.plist;
				LD_RUNPATH_SEARCH_PATHS = (
					"$(inherited)",
					"@executable_path/Frameworks",
				);
				PRODUCT_BUNDLE_IDENTIFIER = memo.com.Parstagram;
				PRODUCT_NAME = "$(TARGET_NAME)";
				SWIFT_VERSION = 5.0;
				TARGETED_DEVICE_FAMILY = "1,2";
			};
			name = Release;
		};
		71CDC5EB25FF29B40084941D /* Debug */ = {
			isa = XCBuildConfiguration;
			baseConfigurationReference = B83FBDE7C8BE0B72ADAB864B /* Pods-ParstagramTests.debug.xcconfig */;
			buildSettings = {
				ALWAYS_EMBED_SWIFT_STANDARD_LIBRARIES = YES;
				BUNDLE_LOADER = "$(TEST_HOST)";
				CODE_SIGN_STYLE = Automatic;
				INFOPLIST_FILE = ParstagramTests/Info.plist;
				IPHONEOS_DEPLOYMENT_TARGET = 14.4;
				LD_RUNPATH_SEARCH_PATHS = (
					"$(inherited)",
					"@executable_path/Frameworks",
					"@loader_path/Frameworks",
				);
				PRODUCT_BUNDLE_IDENTIFIER = memo.com.ParstagramTests;
				PRODUCT_NAME = "$(TARGET_NAME)";
				SWIFT_VERSION = 5.0;
				TARGETED_DEVICE_FAMILY = "1,2";
				TEST_HOST = "$(BUILT_PRODUCTS_DIR)/Parstagram.app/Parstagram";
			};
			name = Debug;
		};
		71CDC5EC25FF29B40084941D /* Release */ = {
			isa = XCBuildConfiguration;
			baseConfigurationReference = 8327AC9D953B3A58DE377330 /* Pods-ParstagramTests.release.xcconfig */;
			buildSettings = {
				ALWAYS_EMBED_SWIFT_STANDARD_LIBRARIES = YES;
				BUNDLE_LOADER = "$(TEST_HOST)";
				CODE_SIGN_STYLE = Automatic;
				INFOPLIST_FILE = ParstagramTests/Info.plist;
				IPHONEOS_DEPLOYMENT_TARGET = 14.4;
				LD_RUNPATH_SEARCH_PATHS = (
					"$(inherited)",
					"@executable_path/Frameworks",
					"@loader_path/Frameworks",
				);
				PRODUCT_BUNDLE_IDENTIFIER = memo.com.ParstagramTests;
				PRODUCT_NAME = "$(TARGET_NAME)";
				SWIFT_VERSION = 5.0;
				TARGETED_DEVICE_FAMILY = "1,2";
				TEST_HOST = "$(BUILT_PRODUCTS_DIR)/Parstagram.app/Parstagram";
			};
			name = Release;
		};
		71CDC5EE25FF29B40084941D /* Debug */ = {
			isa = XCBuildConfiguration;
			baseConfigurationReference = AC7456C3A4712B5A70E0AF7B /* Pods-Parstagram-ParstagramUITests.debug.xcconfig */;
			buildSettings = {
				ALWAYS_EMBED_SWIFT_STANDARD_LIBRARIES = YES;
				CODE_SIGN_STYLE = Automatic;
				INFOPLIST_FILE = ParstagramUITests/Info.plist;
				LD_RUNPATH_SEARCH_PATHS = (
					"$(inherited)",
					"@executable_path/Frameworks",
					"@loader_path/Frameworks",
				);
				PRODUCT_BUNDLE_IDENTIFIER = memo.com.ParstagramUITests;
				PRODUCT_NAME = "$(TARGET_NAME)";
				SWIFT_VERSION = 5.0;
				TARGETED_DEVICE_FAMILY = "1,2";
				TEST_TARGET_NAME = Parstagram;
			};
			name = Debug;
		};
		71CDC5EF25FF29B40084941D /* Release */ = {
			isa = XCBuildConfiguration;
			baseConfigurationReference = 41AF20F951B67D6AE7733A18 /* Pods-Parstagram-ParstagramUITests.release.xcconfig */;
			buildSettings = {
				ALWAYS_EMBED_SWIFT_STANDARD_LIBRARIES = YES;
				CODE_SIGN_STYLE = Automatic;
				INFOPLIST_FILE = ParstagramUITests/Info.plist;
				LD_RUNPATH_SEARCH_PATHS = (
					"$(inherited)",
					"@executable_path/Frameworks",
					"@loader_path/Frameworks",
				);
				PRODUCT_BUNDLE_IDENTIFIER = memo.com.ParstagramUITests;
				PRODUCT_NAME = "$(TARGET_NAME)";
				SWIFT_VERSION = 5.0;
				TARGETED_DEVICE_FAMILY = "1,2";
				TEST_TARGET_NAME = Parstagram;
			};
			name = Release;
		};
/* End XCBuildConfiguration section */

/* Begin XCConfigurationList section */
		71CDC5B825FF29B20084941D /* Build configuration list for PBXProject "Parstagram" */ = {
			isa = XCConfigurationList;
			buildConfigurations = (
				71CDC5E525FF29B40084941D /* Debug */,
				71CDC5E625FF29B40084941D /* Release */,
			);
			defaultConfigurationIsVisible = 0;
			defaultConfigurationName = Release;
		};
		71CDC5E725FF29B40084941D /* Build configuration list for PBXNativeTarget "Parstagram" */ = {
			isa = XCConfigurationList;
			buildConfigurations = (
				71CDC5E825FF29B40084941D /* Debug */,
				71CDC5E925FF29B40084941D /* Release */,
			);
			defaultConfigurationIsVisible = 0;
			defaultConfigurationName = Release;
		};
		71CDC5EA25FF29B40084941D /* Build configuration list for PBXNativeTarget "ParstagramTests" */ = {
			isa = XCConfigurationList;
			buildConfigurations = (
				71CDC5EB25FF29B40084941D /* Debug */,
				71CDC5EC25FF29B40084941D /* Release */,
			);
			defaultConfigurationIsVisible = 0;
			defaultConfigurationName = Release;
		};
		71CDC5ED25FF29B40084941D /* Build configuration list for PBXNativeTarget "ParstagramUITests" */ = {
			isa = XCConfigurationList;
			buildConfigurations = (
				71CDC5EE25FF29B40084941D /* Debug */,
				71CDC5EF25FF29B40084941D /* Release */,
			);
			defaultConfigurationIsVisible = 0;
			defaultConfigurationName = Release;
		};
/* End XCConfigurationList section */
	};
	rootObject = 71CDC5B525FF29B20084941D /* Project object */;
}
